
Microsoft Visual Studio Solution File, Format Version 12.00
# Visual Studio 15
Project("{FAE04EC0-301F-11D3-BF4B-00C04F79EFBC}") = "PhotonUnityNetworking.Demos", "PhotonUnityNetworking.Demos.csproj", "{9F41F3C3-3BCD-53FB-E1F0-E779E2D2CD11}"
EndProject
Project("{FAE04EC0-301F-11D3-BF4B-00C04F79EFBC}") = "PhotonUnityNetworking.Utilities", "PhotonUnityNetworking.Utilities.csproj", "{75998243-F33D-78FD-20C1-1B4E37B6152F}"
EndProject
Project("{FAE04EC0-301F-11D3-BF4B-00C04F79EFBC}") = "PhotonChat", "PhotonChat.csproj", "{1ACDEF31-A8AA-7598-77F4-811BA86FF87F}"
EndProject
Project("{FAE04EC0-301F-11D3-BF4B-00C04F79EFBC}") = "PhotonUnityNetworking", "PhotonUnityNetworking.csproj", "{F21D6136-7BBC-56A6-0BC3-B94C666B40D5}"
EndProject
Project("{FAE04EC0-301F-11D3-BF4B-00C04F79EFBC}") = "Assembly-CSharp", "Assembly-CSharp.csproj", "{B3FF87F2-B735-B881-0138-080FB374C197}"
EndProject
Project("{FAE04EC0-301F-11D3-BF4B-00C04F79EFBC}") = "PhotonRealtime", "PhotonRealtime.csproj", "{006987C7-BA2E-9DFF-1769-95828FC6F01D}"
EndProject
Project("{FAE04EC0-301F-11D3-BF4B-00C04F79EFBC}") = "PhotonWebSocket", "PhotonWebSocket.csproj", "{B46005CF-1C71-8EE3-C8CD-7AA9C0D387BC}"
EndProject
Project("{FAE04EC0-301F-11D3-BF4B-00C04F79EFBC}") = "PhotonUnityNetworking.Editor", "PhotonUnityNetworking.Editor.csproj", "{95DDC81C-A2AF-47A0-9DD4-3FA9CEA4111B}"
EndProject
Project("{FAE04EC0-301F-11D3-BF4B-00C04F79EFBC}") = "PunDemos.DemoHubEditor", "PunDemos.DemoHubEditor.csproj", "{B8DA36C9-2AE0-412C-6848-D04D577857DB}"
EndProject
Project("{FAE04EC0-301F-11D3-BF4B-00C04F79EFBC}") = "PhotonUnityNetworking.Utilities.PhotonPlayer.Editor", "PhotonUnityNetworking.Utilities.PhotonPlayer.Editor.csproj", "{DD04B870-25CF-08F3-526A-74F2172AC861}"
EndProject
Project("{FAE04EC0-301F-11D3-BF4B-00C04F79EFBC}") = "PhotonUnityNetworking.Utilities.Culling.Editor", "PhotonUnityNetworking.Utilities.Culling.Editor.csproj", "{AC6B9A69-7854-EA21-DB6A-7E63DB408819}"
EndProject
Project("{FAE04EC0-301F-11D3-BF4B-00C04F79EFBC}") = "PunDemos.DemoSlotcarEditor", "PunDemos.DemoSlotcarEditor.csproj", "{30B8E12B-F15D-CB60-4B3F-95B1BC5C63D9}"
EndProject
Global
	GlobalSection(SolutionConfigurationPlatforms) = preSolution
		Debug|Any CPU = Debug|Any CPU
		Release|Any CPU = Release|Any CPU
	EndGlobalSection
	GlobalSection(ProjectConfigurationPlatforms) = postSolution
		{9F41F3C3-3BCD-53FB-E1F0-E779E2D2CD11}.Debug|Any CPU.ActiveCfg = Debug|Any CPU
		{9F41F3C3-3BCD-53FB-E1F0-E779E2D2CD11}.Debug|Any CPU.Build.0 = Debug|Any CPU
		{9F41F3C3-3BCD-53FB-E1F0-E779E2D2CD11}.Release|Any CPU.ActiveCfg = Release|Any CPU
		{9F41F3C3-3BCD-53FB-E1F0-E779E2D2CD11}.Release|Any CPU.Build.0 = Release|Any CPU
		{75998243-F33D-78FD-20C1-1B4E37B6152F}.Debug|Any CPU.ActiveCfg = Debug|Any CPU
		{75998243-F33D-78FD-20C1-1B4E37B6152F}.Debug|Any CPU.Build.0 = Debug|Any CPU
		{75998243-F33D-78FD-20C1-1B4E37B6152F}.Release|Any CPU.ActiveCfg = Release|Any CPU
		{75998243-F33D-78FD-20C1-1B4E37B6152F}.Release|Any CPU.Build.0 = Release|Any CPU
		{1ACDEF31-A8AA-7598-77F4-811BA86FF87F}.Debug|Any CPU.ActiveCfg = Debug|Any CPU
		{1ACDEF31-A8AA-7598-77F4-811BA86FF87F}.Debug|Any CPU.Build.0 = Debug|Any CPU
		{1ACDEF31-A8AA-7598-77F4-811BA86FF87F}.Release|Any CPU.ActiveCfg = Release|Any CPU
		{1ACDEF31-A8AA-7598-77F4-811BA86FF87F}.Release|Any CPU.Build.0 = Release|Any CPU
		{F21D6136-7BBC-56A6-0BC3-B94C666B40D5}.Debug|Any CPU.ActiveCfg = Debug|Any CPU
		{F21D6136-7BBC-56A6-0BC3-B94C666B40D5}.Debug|Any CPU.Build.0 = Debug|Any CPU
		{F21D6136-7BBC-56A6-0BC3-B94C666B40D5}.Release|Any CPU.ActiveCfg = Release|Any CPU
		{F21D6136-7BBC-56A6-0BC3-B94C666B40D5}.Release|Any CPU.Build.0 = Release|Any CPU
		{B3FF87F2-B735-B881-0138-080FB374C197}.Debug|Any CPU.ActiveCfg = Debug|Any CPU
		{B3FF87F2-B735-B881-0138-080FB374C197}.Debug|Any CPU.Build.0 = Debug|Any CPU
		{B3FF87F2-B735-B881-0138-080FB374C197}.Release|Any CPU.ActiveCfg = Release|Any CPU
		{B3FF87F2-B735-B881-0138-080FB374C197}.Release|Any CPU.Build.0 = Release|Any CPU
		{006987C7-BA2E-9DFF-1769-95828FC6F01D}.Debug|Any CPU.ActiveCfg = Debug|Any CPU
		{006987C7-BA2E-9DFF-1769-95828FC6F01D}.Debug|Any CPU.Build.0 = Debug|Any CPU
		{006987C7-BA2E-9DFF-1769-95828FC6F01D}.Release|Any CPU.ActiveCfg = Release|Any CPU
		{006987C7-BA2E-9DFF-1769-95828FC6F01D}.Release|Any CPU.Build.0 = Release|Any CPU
		{B46005CF-1C71-8EE3-C8CD-7AA9C0D387BC}.Debug|Any CPU.ActiveCfg = Debug|Any CPU
		{B46005CF-1C71-8EE3-C8CD-7AA9C0D387BC}.Debug|Any CPU.Build.0 = Debug|Any CPU
		{B46005CF-1C71-8EE3-C8CD-7AA9C0D387BC}.Release|Any CPU.ActiveCfg = Release|Any CPU
		{B46005CF-1C71-8EE3-C8CD-7AA9C0D387BC}.Release|Any CPU.Build.0 = Release|Any CPU
		{95DDC81C-A2AF-47A0-9DD4-3FA9CEA4111B}.Debug|Any CPU.ActiveCfg = Debug|Any CPU
		{95DDC81C-A2AF-47A0-9DD4-3FA9CEA4111B}.Debug|Any CPU.Build.0 = Debug|Any CPU
		{95DDC81C-A2AF-47A0-9DD4-3FA9CEA4111B}.Release|Any CPU.ActiveCfg = Release|Any CPU
		{95DDC81C-A2AF-47A0-9DD4-3FA9CEA4111B}.Release|Any CPU.Build.0 = Release|Any CPU
		{B8DA36C9-2AE0-412C-6848-D04D577857DB}.Debug|Any CPU.ActiveCfg = Debug|Any CPU
		{B8DA36C9-2AE0-412C-6848-D04D577857DB}.Debug|Any CPU.Build.0 = Debug|Any CPU
		{B8DA36C9-2AE0-412C-6848-D04D577857DB}.Release|Any CPU.ActiveCfg = Release|Any CPU
		{B8DA36C9-2AE0-412C-6848-D04D577857DB}.Release|Any CPU.Build.0 = Release|Any CPU
		{DD04B870-25CF-08F3-526A-74F2172AC861}.Debug|Any CPU.ActiveCfg = Debug|Any CPU
		{DD04B870-25CF-08F3-526A-74F2172AC861}.Debug|Any CPU.Build.0 = Debug|Any CPU
		{DD04B870-25CF-08F3-526A-74F2172AC861}.Release|Any CPU.ActiveCfg = Release|Any CPU
		{DD04B870-25CF-08F3-526A-74F2172AC861}.Release|Any CPU.Build.0 = Release|Any CPU
		{AC6B9A69-7854-EA21-DB6A-7E63DB408819}.Debug|Any CPU.ActiveCfg = Debug|Any CPU
		{AC6B9A69-7854-EA21-DB6A-7E63DB408819}.Debug|Any CPU.Build.0 = Debug|Any CPU
		{AC6B9A69-7854-EA21-DB6A-7E63DB408819}.Release|Any CPU.ActiveCfg = Release|Any CPU
		{AC6B9A69-7854-EA21-DB6A-7E63DB408819}.Release|Any CPU.Build.0 = Release|Any CPU
		{30B8E12B-F15D-CB60-4B3F-95B1BC5C63D9}.Debug|Any CPU.ActiveCfg = Debug|Any CPU
		{30B8E12B-F15D-CB60-4B3F-95B1BC5C63D9}.Debug|Any CPU.Build.0 = Debug|Any CPU
		{30B8E12B-F15D-CB60-4B3F-95B1BC5C63D9}.Release|Any CPU.ActiveCfg = Release|Any CPU
		{30B8E12B-F15D-CB60-4B3F-95B1BC5C63D9}.Release|Any CPU.Build.0 = Release|Any CPU
	EndGlobalSection
	GlobalSection(SolutionProperties) = preSolution
		HideSolutionNode = FALSE
	EndGlobalSection
EndGlobal
